<?xml version="1.0" encoding="utf-8"?>
<Project ToolsVersion="4.0" xmlns="http://schemas.microsoft.com/developer/msbuild/2003">
  <ItemGroup>
    <Filter Include="Pliki źródłowe">
      <UniqueIdentifier>{4FC737F1-C7A5-4376-A066-2A32D752A2FF}</UniqueIdentifier>
      <Extensions>cpp;c;cc;cxx;c++;cppm;ixx;def;odl;idl;hpj;bat;asm;asmx</Extensions>
    </Filter>
    <Filter Include="Pliki nagłówkowe">
      <UniqueIdentifier>{93995380-89BD-4b04-88EB-625FBE52EBFB}</UniqueIdentifier>
      <Extensions>h;hh;hpp;hxx;h++;hm;inl;inc;ipp;xsd</Extensions>
    </Filter>
    <Filter Include="Pliki zasobów">
      <UniqueIdentifier>{67DA6AB6-F800-4c08-8B7A-83BB121AAD01}</UniqueIdentifier>
      <Extensions>rc;ico;cur;bmp;dlg;rc2;rct;bin;rgs;gif;jpg;jpeg;jpe;resx;tiff;tif;png;wav;mfcribbon-ms</Extensions>
    </Filter>
    <Filter Include="Pliki nagłówkowe\include">
      <UniqueIdentifier>{efd51f0b-bb8c-4fb1-a40a-87b3caef418c}</UniqueIdentifier>
    </Filter>
    <Filter Include="Pliki źródłowe\src">
      <UniqueIdentifier>{932c5d0e-959a-4d7b-aff3-4a16844ba2bc}</UniqueIdentifier>
    </Filter>
  </ItemGroup>
  <ItemGroup>
    <ClInclude Include="include\Board.h">
      <Filter>Pliki nagłówkowe\include</Filter>
    </ClInclude>
    <ClInclude Include="include\Character.h">
      <Filter>Pliki nagłówkowe\include</Filter>
    </ClInclude>
    <ClInclude Include="include\Ghost.h">
      <Filter>Pliki nagłówkowe\include</Filter>
    </ClInclude>
    <ClInclude Include="include\OrangeGhost.h">
      <Filter>Pliki nagłówkowe\include</Filter>
    </ClInclude>
    <ClInclude Include="include\PinkGhost.h">
      <Filter>Pliki nagłówkowe\include</Filter>
    </ClInclude>
    <ClInclude Include="include\YellowGuy.h">
      <Filter>Pliki nagłówkowe\include</Filter>
    </ClInclude>
    <ClInclude Include="include\BlueGhost.h">
      <Filter>Pliki nagłówkowe\include</Filter>
    </ClInclude>
    <ClInclude Include="include\RedGhost.h">
      <Filter>Pliki nagłówkowe\include</Filter>
    </ClInclude>
  </ItemGroup>
  <ItemGroup>
    <ClCompile Include="src\BlueGhost.cpp">
      <Filter>Pliki źródłowe\src</Filter>
    </ClCompile>
    <ClCompile Include="src\Board.cpp">
      <Filter>Pliki źródłowe\src</Filter>
    </ClCompile>
    <ClCompile Include="src\Character.cpp">
      <Filter>Pliki źródłowe\src</Filter>
    </ClCompile>
    <ClCompile Include="src\Ghost.cpp">
      <Filter>Pliki źródłowe\src</Filter>
    </ClCompile>
    <ClCompile Include="src\OrangeGhost.cpp">
      <Filter>Pliki źródłowe\src</Filter>
    </ClCompile>
    <ClCompile Include="src\PacMan.cpp">
      <Filter>Pliki źródłowe\src</Filter>
    </ClCompile>
    <ClCompile Include="src\PinkGhost.cpp">
      <Filter>Pliki źródłowe\src</Filter>
    </ClCompile>
    <ClCompile Include="src\RedGhost.cpp">
      <Filter>Pliki źródłowe\src</Filter>
    </ClCompile>
    <ClCompile Include="src\YellowGuy.cpp">
      <Filter>Pliki źródłowe\src</Filter>
    </ClCompile>
  </ItemGroup>
</Project>